// !$*UTF8*$!
{
	archiveVersion = 1;
	classes = {
	};
	objectVersion = 56;
	objects = {

/* Begin PBXBuildFile section */
		8D24AE452CA6BB9B001974A6 /* WelcomePageApp.swift in Sources */ = {isa = PBXBuildFile; fileRef = 8D24AE442CA6BB9B001974A6 /* WelcomePageApp.swift */; };
		8D24AE472CA6BB9B001974A6 /* ContentView.swift in Sources */ = {isa = PBXBuildFile; fileRef = 8D24AE462CA6BB9B001974A6 /* ContentView.swift */; };
		8D24AE492CA6BB9C001974A6 /* Assets.xcassets in Resources */ = {isa = PBXBuildFile; fileRef = 8D24AE482CA6BB9C001974A6 /* Assets.xcassets */; };
		8D24AE4C2CA6BB9C001974A6 /* Preview Assets.xcassets in Resources */ = {isa = PBXBuildFile; fileRef = 8D24AE4B2CA6BB9C001974A6 /* Preview Assets.xcassets */; };
		8D24AE552CA6BE1E001974A6 /* Constants.swift in Sources */ = {isa = PBXBuildFile; fileRef = 8D24AE542CA6BE1E001974A6 /* Constants.swift */; };
		8D24AE592CA6BE69001974A6 /* SplashScreenView.swift in Sources */ = {isa = PBXBuildFile; fileRef = 8D24AE582CA6BE69001974A6 /* SplashScreenView.swift */; };
		8D24AE5B2CA6BE86001974A6 /* WelcomeView.swift in Sources */ = {isa = PBXBuildFile; fileRef = 8D24AE5A2CA6BE86001974A6 /* WelcomeView.swift */; };
		8D24AE5D2CA6BEAB001974A6 /* ScanInvitationView.swift in Sources */ = {isa = PBXBuildFile; fileRef = 8D24AE5C2CA6BEAB001974A6 /* ScanInvitationView.swift */; };
		8D24AE5F2CA6BEBD001974A6 /* LoginButtonView.swift in Sources */ = {isa = PBXBuildFile; fileRef = 8D24AE5E2CA6BEBD001974A6 /* LoginButtonView.swift */; };
		8D24AE612CA6BED3001974A6 /* SignInView.swift in Sources */ = {isa = PBXBuildFile; fileRef = 8D24AE602CA6BED3001974A6 /* SignInView.swift */; };
		8D24AE652CA6BEF0001974A6 /* Roboto-Regular.ttf in Resources */ = {isa = PBXBuildFile; fileRef = 8D24AE632CA6BEF0001974A6 /* Roboto-Regular.ttf */; };
		8D24AE662CA6BEF0001974A6 /* PlayfairDisplay-Regular.ttf in Resources */ = {isa = PBXBuildFile; fileRef = 8D24AE642CA6BEF0001974A6 /* PlayfairDisplay-Regular.ttf */; };
		8D24AE692CA6BF4A001974A6 /* InvitationView.swift in Sources */ = {isa = PBXBuildFile; fileRef = 8D24AE682CA6BF4A001974A6 /* InvitationView.swift */; };
/* End PBXBuildFile section */

/* Begin PBXFileReference section */
		8D24AE412CA6BB9B001974A6 /* WelcomePage.app */ = {isa = PBXFileReference; explicitFileType = wrapper.application; includeInIndex = 0; path = WelcomePage.app; sourceTree = BUILT_PRODUCTS_DIR; };
		8D24AE442CA6BB9B001974A6 /* WelcomePageApp.swift */ = {isa = PBXFileReference; lastKnownFileType = sourcecode.swift; path = WelcomePageApp.swift; sourceTree = "<group>"; };
		8D24AE462CA6BB9B001974A6 /* ContentView.swift */ = {isa = PBXFileReference; lastKnownFileType = sourcecode.swift; path = ContentView.swift; sourceTree = "<group>"; };
		8D24AE482CA6BB9C001974A6 /* Assets.xcassets */ = {isa = PBXFileReference; lastKnownFileType = folder.assetcatalog; path = Assets.xcassets; sourceTree = "<group>"; };
		8D24AE4B2CA6BB9C001974A6 /* Preview Assets.xcassets */ = {isa = PBXFileReference; lastKnownFileType = folder.assetcatalog; path = "Preview Assets.xcassets"; sourceTree = "<group>"; };
		8D24AE542CA6BE1E001974A6 /* Constants.swift */ = {isa = PBXFileReference; lastKnownFileType = sourcecode.swift; path = Constants.swift; sourceTree = "<group>"; };
		8D24AE582CA6BE69001974A6 /* SplashScreenView.swift */ = {isa = PBXFileReference; lastKnownFileType = sourcecode.swift; path = SplashScreenView.swift; sourceTree = "<group>"; };
		8D24AE5A2CA6BE86001974A6 /* WelcomeView.swift */ = {isa = PBXFileReference; lastKnownFileType = sourcecode.swift; path = WelcomeView.swift; sourceTree = "<group>"; };
		8D24AE5C2CA6BEAB001974A6 /* ScanInvitationView.swift */ = {isa = PBXFileReference; lastKnownFileType = sourcecode.swift; path = ScanInvitationView.swift; sourceTree = "<group>"; };
		8D24AE5E2CA6BEBD001974A6 /* LoginButtonView.swift */ = {isa = PBXFileReference; lastKnownFileType = sourcecode.swift; path = LoginButtonView.swift; sourceTree = "<group>"; };
		8D24AE602CA6BED3001974A6 /* SignInView.swift */ = {isa = PBXFileReference; lastKnownFileType = sourcecode.swift; path = SignInView.swift; sourceTree = "<group>"; };
		8D24AE632CA6BEF0001974A6 /* Roboto-Regular.ttf */ = {isa = PBXFileReference; lastKnownFileType = file; path = "Roboto-Regular.ttf"; sourceTree = "<group>"; };
		8D24AE642CA6BEF0001974A6 /* PlayfairDisplay-Regular.ttf */ = {isa = PBXFileReference; lastKnownFileType = file; path = "PlayfairDisplay-Regular.ttf"; sourceTree = "<group>"; };
		8D24AE672CA6BF01001974A6 /* Info.plist */ = {isa = PBXFileReference; lastKnownFileType = text.plist; path = Info.plist; sourceTree = "<group>"; };
		8D24AE682CA6BF4A001974A6 /* InvitationView.swift */ = {isa = PBXFileReference; lastKnownFileType = sourcecode.swift; path = InvitationView.swift; sourceTree = "<group>"; };
/* End PBXFileReference section */

/* Begin PBXFrameworksBuildPhase section */
		8D24AE3E2CA6BB9B001974A6 /* Frameworks */ = {
			isa = PBXFrameworksBuildPhase;
			buildActionMask = 2147483647;
			files = (
			);
			runOnlyForDeploymentPostprocessing = 0;
		};
/* End PBXFrameworksBuildPhase section */

/* Begin PBXGroup section */
		8D24AE382CA6BB9B001974A6 = {
			isa = PBXGroup;
			children = (
				8D24AE432CA6BB9B001974A6 /* WelcomePage */,
				8D24AE422CA6BB9B001974A6 /* Products */,
			);
			sourceTree = "<group>";
		};
		8D24AE422CA6BB9B001974A6 /* Products */ = {
			isa = PBXGroup;
			children = (
				8D24AE412CA6BB9B001974A6 /* WelcomePage.app */,
			);
			name = Products;
			sourceTree = "<group>";
		};
		8D24AE432CA6BB9B001974A6 /* WelcomePage */ = {
			isa = PBXGroup;
			children = (
				8D24AE672CA6BF01001974A6 /* Info.plist */,
				8D24AE622CA6BEE0001974A6 /* Fonts */,
				8D24AE532CA6BE09001974A6 /* Utils */,
				8D24AE522CA6BE01001974A6 /* View */,
				8D24AE442CA6BB9B001974A6 /* WelcomePageApp.swift */,
				8D24AE482CA6BB9C001974A6 /* Assets.xcassets */,
				8D24AE4A2CA6BB9C001974A6 /* Preview Content */,
			);
			path = WelcomePage;
			sourceTree = "<group>";
		};
		8D24AE4A2CA6BB9C001974A6 /* Preview Content */ = {
			isa = PBXGroup;
			children = (
				8D24AE4B2CA6BB9C001974A6 /* Preview Assets.xcassets */,
			);
			path = "Preview Content";
			sourceTree = "<group>";
		};
		8D24AE522CA6BE01001974A6 /* View */ = {
			isa = PBXGroup;
			children = (
				8D24AE572CA6BE48001974A6 /* Authentication */,
				8D24AE562CA6BE3A001974A6 /* SplashScreen */,
				8D24AE462CA6BB9B001974A6 /* ContentView.swift */,
			);
			path = View;
			sourceTree = "<group>";
		};
		8D24AE532CA6BE09001974A6 /* Utils */ = {
			isa = PBXGroup;
			children = (
				8D24AE542CA6BE1E001974A6 /* Constants.swift */,
			);
			path = Utils;
			sourceTree = "<group>";
		};
		8D24AE562CA6BE3A001974A6 /* SplashScreen */ = {
			isa = PBXGroup;
			children = (
				8D24AE582CA6BE69001974A6 /* SplashScreenView.swift */,
			);
			path = SplashScreen;
			sourceTree = "<group>";
		};
		8D24AE572CA6BE48001974A6 /* Authentication */ = {
			isa = PBXGroup;
			children = (
				8D24AE5A2CA6BE86001974A6 /* WelcomeView.swift */,
				8D24AE5C2CA6BEAB001974A6 /* ScanInvitationView.swift */,
				8D24AE5E2CA6BEBD001974A6 /* LoginButtonView.swift */,
				8D24AE602CA6BED3001974A6 /* SignInView.swift */,
				8D24AE682CA6BF4A001974A6 /* InvitationView.swift */,
			);
			path = Authentication;
			sourceTree = "<group>";
		};
		8D24AE622CA6BEE0001974A6 /* Fonts */ = {
			isa = PBXGroup;
			children = (
				8D24AE642CA6BEF0001974A6 /* PlayfairDisplay-Regular.ttf */,
				8D24AE632CA6BEF0001974A6 /* Roboto-Regular.ttf */,
			);
			path = Fonts;
			sourceTree = "<group>";
		};
/* End PBXGroup section */

/* Begin PBXNativeTarget section */
		8D24AE402CA6BB9B001974A6 /* WelcomePage */ = {
			isa = PBXNativeTarget;
			buildConfigurationList = 8D24AE4F2CA6BB9C001974A6 /* Build configuration list for PBXNativeTarget "WelcomePage" */;
			buildPhases = (
				8D24AE3D2CA6BB9B001974A6 /* Sources */,
				8D24AE3E2CA6BB9B001974A6 /* Frameworks */,
				8D24AE3F2CA6BB9B001974A6 /* Resources */,
			);
			buildRules = (
			);
			dependencies = (
			);
			name = WelcomePage;
			productName = WelcomePage;
			productReference = 8D24AE412CA6BB9B001974A6 /* WelcomePage.app */;
			productType = "com.apple.product-type.application";
		};
/* End PBXNativeTarget section */

/* Begin PBXProject section */
		8D24AE392CA6BB9B001974A6 /* Project object */ = {
			isa = PBXProject;
			attributes = {
				BuildIndependentTargetsInParallel = 1;
				LastSwiftUpdateCheck = 1500;
				LastUpgradeCheck = 1500;
				TargetAttributes = {
					8D24AE402CA6BB9B001974A6 = {
						CreatedOnToolsVersion = 15.0.1;
					};
				};
			};
			buildConfigurationList = 8D24AE3C2CA6BB9B001974A6 /* Build configuration list for PBXProject "WelcomePage" */;
			compatibilityVersion = "Xcode 14.0";
			developmentRegion = en;
			hasScannedForEncodings = 0;
			knownRegions = (
				en,
				Base,
			);
			mainGroup = 8D24AE382CA6BB9B001974A6;
			productRefGroup = 8D24AE422CA6BB9B001974A6 /* Products */;
			projectDirPath = "";
			projectRoot = "";
			targets = (
				8D24AE402CA6BB9B001974A6 /* WelcomePage */,
			);
		};
/* End PBXProject section */

/* Begin PBXResourcesBuildPhase section */
		8D24AE3F2CA6BB9B001974A6 /* Resources */ = {
			isa = PBXResourcesBuildPhase;
			buildActionMask = 2147483647;
			files = (
				8D24AE662CA6BEF0001974A6 /* PlayfairDisplay-Regular.ttf in Resources */,
				8D24AE652CA6BEF0001974A6 /* Roboto-Regular.ttf in Resources */,
				8D24AE4C2CA6BB9C001974A6 /* Preview Assets.xcassets in Resources */,
				8D24AE492CA6BB9C001974A6 /* Assets.xcassets in Resources */,
			);
			runOnlyForDeploymentPostprocessing = 0;
		};
/* End PBXResourcesBuildPhase section */

/* Begin PBXSourcesBuildPhase section */
		8D24AE3D2CA6BB9B001974A6 /* Sources */ = {
			isa = PBXSourcesBuildPhase;
			buildActionMask = 2147483647;
			files = (
				8D24AE5D2CA6BEAB001974A6 /* ScanInvitationView.swift in Sources */,
				8D24AE5B2CA6BE86001974A6 /* WelcomeView.swift in Sources */,
				8D24AE472CA6BB9B001974A6 /* ContentView.swift in Sources */,
				8D24AE452CA6BB9B001974A6 /* WelcomePageApp.swift in Sources */,
				8D24AE552CA6BE1E001974A6 /* Constants.swift in Sources */,
				8D24AE692CA6BF4A001974A6 /* InvitationView.swift in Sources */,
				8D24AE592CA6BE69001974A6 /* SplashScreenView.swift in Sources */,
				8D24AE612CA6BED3001974A6 /* SignInView.swift in Sources */,
				8D24AE5F2CA6BEBD001974A6 /* LoginButtonView.swift in Sources */,
			);
			runOnlyForDeploymentPostprocessing = 0;
		};
/* End PBXSourcesBuildPhase section */

/* Begin XCBuildConfiguration section */
		8D24AE4D2CA6BB9C001974A6 /* Debug */ = {
			isa = XCBuildConfiguration;
			buildSettings = {
				ALWAYS_SEARCH_USER_PATHS = NO;
				ASSETCATALOG_COMPILER_GENERATE_SWIFT_ASSET_SYMBOL_EXTENSIONS = YES;
				CLANG_ANALYZER_NONNULL = YES;
				CLANG_ANALYZER_NUMBER_OBJECT_CONVERSION = YES_AGGRESSIVE;
				CLANG_CXX_LANGUAGE_STANDARD = "gnu++20";
				CLANG_ENABLE_MODULES = YES;
				CLANG_ENABLE_OBJC_ARC = YES;
				CLANG_ENABLE_OBJC_WEAK = YES;
				CLANG_WARN_BLOCK_CAPTURE_AUTORELEASING = YES;
				CLANG_WARN_BOOL_CONVERSION = YES;
				CLANG_WARN_COMMA = YES;
				CLANG_WARN_CONSTANT_CONVERSION = YES;
				CLANG_WARN_DEPRECATED_OBJC_IMPLEMENTATIONS = YES;
				CLANG_WARN_DIRECT_OBJC_ISA_USAGE = YES_ERROR;
				CLANG_WARN_DOCUMENTATION_COMMENTS = YES;
				CLANG_WARN_EMPTY_BODY = YES;
				CLANG_WARN_ENUM_CONVERSION = YES;
				CLANG_WARN_INFINITE_RECURSION = YES;
				CLANG_WARN_INT_CONVERSION = YES;
				CLANG_WARN_NON_LITERAL_NULL_CONVERSION = YES;
				CLANG_WARN_OBJC_IMPLICIT_RETAIN_SELF = YES;
				CLANG_WARN_OBJC_LITERAL_CONVERSION = YES;
				CLANG_WARN_OBJC_ROOT_CLASS = YES_ERROR;
				CLANG_WARN_QUOTED_INCLUDE_IN_FRAMEWORK_HEADER = YES;
				CLANG_WARN_RANGE_LOOP_ANALYSIS = YES;
				CLANG_WARN_STRICT_PROTOTYPES = YES;
				CLANG_WARN_SUSPICIOUS_MOVE = YES;
				CLANG_WARN_UNGUARDED_AVAILABILITY = YES_AGGRESSIVE;
				CLANG_WARN_UNREACHABLE_CODE = YES;
				CLANG_WARN__DUPLICATE_METHOD_MATCH = YES;
				COPY_PHASE_STRIP = NO;
				DEBUG_INFORMATION_FORMAT = dwarf;
				ENABLE_STRICT_OBJC_MSGSEND = YES;
				ENABLE_TESTABILITY = YES;
				ENABLE_USER_SCRIPT_SANDBOXING = YES;
				GCC_C_LANGUAGE_STANDARD = gnu17;
				GCC_DYNAMIC_NO_PIC = NO;
				GCC_NO_COMMON_BLOCKS = YES;
				GCC_OPTIMIZATION_LEVEL = 0;
				GCC_PREPROCESSOR_DEFINITIONS = (
					"DEBUG=1",
					"$(inherited)",
				);
				GCC_WARN_64_TO_32_BIT_CONVERSION = YES;
				GCC_WARN_ABOUT_RETURN_TYPE = YES_ERROR;
				GCC_WARN_UNDECLARED_SELECTOR = YES;
				GCC_WARN_UNINITIALIZED_AUTOS = YES_AGGRESSIVE;
				GCC_WARN_UNUSED_FUNCTION = YES;
				GCC_WARN_UNUSED_VARIABLE = YES;
				IPHONEOS_DEPLOYMENT_TARGET = 17.0;
				LOCALIZATION_PREFERS_STRING_CATALOGS = YES;
				MTL_ENABLE_DEBUG_INFO = INCLUDE_SOURCE;
				MTL_FAST_MATH = YES;
				ONLY_ACTIVE_ARCH = YES;
				SDKROOT = iphoneos;
				SWIFT_ACTIVE_COMPILATION_CONDITIONS = "DEBUG $(inherited)";
				SWIFT_OPTIMIZATION_LEVEL = "-Onone";
			};
			name = Debug;
		};
		8D24AE4E2CA6BB9C001974A6 /* Release */ = {
			isa = XCBuildConfiguration;
			buildSettings = {
				ALWAYS_SEARCH_USER_PATHS = NO;
				ASSETCATALOG_COMPILER_GENERATE_SWIFT_ASSET_SYMBOL_EXTENSIONS = YES;
				CLANG_ANALYZER_NONNULL = YES;
				CLANG_ANALYZER_NUMBER_OBJECT_CONVERSION = YES_AGGRESSIVE;
				CLANG_CXX_LANGUAGE_STANDARD = "gnu++20";
				CLANG_ENABLE_MODULES = YES;
				CLANG_ENABLE_OBJC_ARC = YES;
				CLANG_ENABLE_OBJC_WEAK = YES;
				CLANG_WARN_BLOCK_CAPTURE_AUTORELEASING = YES;
				CLANG_WARN_BOOL_CONVERSION = YES;
				CLANG_WARN_COMMA = YES;
				CLANG_WARN_CONSTANT_CONVERSION = YES;
				CLANG_WARN_DEPRECATED_OBJC_IMPLEMENTATIONS = YES;
				CLANG_WARN_DIRECT_OBJC_ISA_USAGE = YES_ERROR;
				CLANG_WARN_DOCUMENTATION_COMMENTS = YES;
				CLANG_WARN_EMPTY_BODY = YES;
				CLANG_WARN_ENUM_CONVERSION = YES;
				CLANG_WARN_INFINITE_RECURSION = YES;
				CLANG_WARN_INT_CONVERSION = YES;
				CLANG_WARN_NON_LITERAL_NULL_CONVERSION = YES;
				CLANG_WARN_OBJC_IMPLICIT_RETAIN_SELF = YES;
				CLANG_WARN_OBJC_LITERAL_CONVERSION = YES;
				CLANG_WARN_OBJC_ROOT_CLASS = YES_ERROR;
				CLANG_WARN_QUOTED_INCLUDE_IN_FRAMEWORK_HEADER = YES;
				CLANG_WARN_RANGE_LOOP_ANALYSIS = YES;
				CLANG_WARN_STRICT_PROTOTYPES = YES;
				CLANG_WARN_SUSPICIOUS_MOVE = YES;
				CLANG_WARN_UNGUARDED_AVAILABILITY = YES_AGGRESSIVE;
				CLANG_WARN_UNREACHABLE_CODE = YES;
				CLANG_WARN__DUPLICATE_METHOD_MATCH = YES;
				COPY_PHASE_STRIP = NO;
				DEBUG_INFORMATION_FORMAT = "dwarf-with-dsym";
				ENABLE_NS_ASSERTIONS = NO;
				ENABLE_STRICT_OBJC_MSGSEND = YES;
				ENABLE_USER_SCRIPT_SANDBOXING = YES;
				GCC_C_LANGUAGE_STANDARD = gnu17;
				GCC_NO_COMMON_BLOCKS = YES;
				GCC_WARN_64_TO_32_BIT_CONVERSION = YES;
				GCC_WARN_ABOUT_RETURN_TYPE = YES_ERROR;
				GCC_WARN_UNDECLARED_SELECTOR = YES;
				GCC_WARN_UNINITIALIZED_AUTOS = YES_AGGRESSIVE;
				GCC_WARN_UNUSED_FUNCTION = YES;
				GCC_WARN_UNUSED_VARIABLE = YES;
				IPHONEOS_DEPLOYMENT_TARGET = 17.0;
				LOCALIZATION_PREFERS_STRING_CATALOGS = YES;
				MTL_ENABLE_DEBUG_INFO = NO;
				MTL_FAST_MATH = YES;
				SDKROOT = iphoneos;
				SWIFT_COMPILATION_MODE = wholemodule;
				VALIDATE_PRODUCT = YES;
			};
			name = Release;
		};
		8D24AE502CA6BB9C001974A6 /* Debug */ = {
			isa = XCBuildConfiguration;
			buildSettings = {
				ASSETCATALOG_COMPILER_APPICON_NAME = AppIcon;
				ASSETCATALOG_COMPILER_GLOBAL_ACCENT_COLOR_NAME = AccentColor;
				CODE_SIGN_STYLE = Automatic;
				CURRENT_PROJECT_VERSION = 1;
				DEVELOPMENT_ASSET_PATHS = "\"WelcomePage/Preview Content\"";
				DEVELOPMENT_TEAM = 49TSHQNY88;
				ENABLE_PREVIEWS = YES;
				GENERATE_INFOPLIST_FILE = YES;
				INFOPLIST_FILE = WelcomePage/Info.plist;
				INFOPLIST_KEY_UIApplicationSceneManifest_Generation = YES;
				INFOPLIST_KEY_UIApplicationSupportsIndirectInputEvents = YES;
				INFOPLIST_KEY_UILaunchScreen_Generation = YES;
				INFOPLIST_KEY_UISupportedInterfaceOrientations_iPad = "UIInterfaceOrientationPortrait UIInterfaceOrientationPortraitUpsideDown UIInterfaceOrientationLandscapeLeft UIInterfaceOrientationLandscapeRight";
				INFOPLIST_KEY_UISupportedInterfaceOrientations_iPhone = "UIInterfaceOrientationPortrait UIInterfaceOrientationLandscapeLeft UIInterfaceOrientationLandscapeRight";
				LD_RUNPATH_SEARCH_PATHS = (
					"$(inherited)",
					"@executable_path/Frameworks",
				);
				MARKETING_VERSION = 1.0;
				PRODUCT_BUNDLE_IDENTIFIER = SOLO.WelcomePage;
				PRODUCT_NAME = "$(TARGET_NAME)";
				SWIFT_EMIT_LOC_STRINGS = YES;
				SWIFT_VERSION = 5.0;
				TARGETED_DEVICE_FAMILY = "1,2";
			};
			name = Debug;
		};
		8D24AE512CA6BB9C001974A6 /* Release */ = {
			isa = XCBuildConfiguration;
			buildSettings = {
				ASSETCATALOG_COMPILER_APPICON_NAME = AppIcon;
				ASSETCATALOG_COMPILER_GLOBAL_ACCENT_COLOR_NAME = AccentColor;
				CODE_SIGN_STYLE = Automatic;
				CURRENT_PROJECT_VERSION = 1;
				DEVELOPMENT_ASSET_PATHS = "\"WelcomePage/Preview Content\"";
				DEVELOPMENT_TEAM = 49TSHQNY88;
				ENABLE_PREVIEWS = YES;
				GENERATE_INFOPLIST_FILE = YES;
				INFOPLIST_FILE = WelcomePage/Info.plist;
				INFOPLIST_KEY_UIApplicationSceneManifest_Generation = YES;
				INFOPLIST_KEY_UIApplicationSupportsIndirectInputEvents = YES;
				INFOPLIST_KEY_UILaunchScreen_Generation = YES;
				INFOPLIST_KEY_UISupportedInterfaceOrientations_iPad = "UIInterfaceOrientationPortrait UIInterfaceOrientationPortraitUpsideDown UIInterfaceOrientationLandscapeLeft UIInterfaceOrientationLandscapeRight";
				INFOPLIST_KEY_UISupportedInterfaceOrientations_iPhone = "UIInterfaceOrientationPortrait UIInterfaceOrientationLandscapeLeft UIInterfaceOrientationLandscapeRight";
				LD_RUNPATH_SEARCH_PATHS = (
					"$(inherited)",
					"@executable_path/Frameworks",
				);
				MARKETING_VERSION = 1.0;
				PRODUCT_BUNDLE_IDENTIFIER = SOLO.WelcomePage;
				PRODUCT_NAME = "$(TARGET_NAME)";
				SWIFT_EMIT_LOC_STRINGS = YES;
				SWIFT_VERSION = 5.0;
				TARGETED_DEVICE_FAMILY = "1,2";
			};
			name = Release;
		};
/* End XCBuildConfiguration section */

/* Begin XCConfigurationList section */
		8D24AE3C2CA6BB9B001974A6 /* Build configuration list for PBXProject "WelcomePage" */ = {
			isa = XCConfigurationList;
			buildConfigurations = (
				8D24AE4D2CA6BB9C001974A6 /* Debug */,
				8D24AE4E2CA6BB9C001974A6 /* Release */,
			);
			defaultConfigurationIsVisible = 0;
			defaultConfigurationName = Release;
		};
		8D24AE4F2CA6BB9C001974A6 /* Build configuration list for PBXNativeTarget "WelcomePage" */ = {
			isa = XCConfigurationList;
			buildConfigurations = (
				8D24AE502CA6BB9C001974A6 /* Debug */,
				8D24AE512CA6BB9C001974A6 /* Release */,
			);
			defaultConfigurationIsVisible = 0;
			defaultConfigurationName = Release;
		};
/* End XCConfigurationList section */
	};
	rootObject = 8D24AE392CA6BB9B001974A6 /* Project object */;
}
